
Microsoft Visual Studio Solution File, Format Version 12.00
# Visual Studio 15
VisualStudioVersion = 15.0.28307.757
MinimumVisualStudioVersion = 10.0.40219.1
Project("{FAE04EC0-301F-11D3-BF4B-00C04F79EFBC}") = "SamplePlugins", "SamplePlugins\SamplePlugins.csproj", "{F36E24CE-220F-4B8E-8D2F-DBFBCDEF6DD9}"
EndProject
Global
	GlobalSection(SolutionConfigurationPlatforms) = preSolution
		Debug|Any CPU = Debug|Any CPU
		Release|Any CPU = Release|Any CPU
	EndGlobalSection
	GlobalSection(ProjectConfigurationPlatforms) = postSolution
		{F36E24CE-220F-4B8E-8D2F-DBFBCDEF6DD9}.Debug|Any CPU.ActiveCfg = Debug|Any CPU
		{F36E24CE-220F-4B8E-8D2F-DBFBCDEF6DD9}.Debug|Any CPU.Build.0 = Debug|Any CPU
		{F36E24CE-220F-4B8E-8D2F-DBFBCDEF6DD9}.Release|Any CPU.ActiveCfg = Release|Any CPU
		{F36E24CE-220F-4B8E-8D2F-DBFBCDEF6DD9}.Release|Any CPU.Build.0 = Release|Any CPU
	EndGlobalSection
	GlobalSection(SolutionProperties) = preSolution
		HideSolutionNode = FALSE
	EndGlobalSection
	GlobalSection(ExtensibilityGlobals) = postSolution
		SolutionGuid = {555CF537-FA7F-43FB-9D51-295A058F3ACA}
	EndGlobalSection
EndGlobal
