
Microsoft Visual Studio Solution File, Format Version 12.00
# Visual Studio 15
VisualStudioVersion = 15.0.28307.779
MinimumVisualStudioVersion = 10.0.40219.1
Project("{FAE04EC0-301F-11D3-BF4B-00C04F79EFBC}") = "ClassLibrary1", "ClassLibrary1\ClassLibrary1.csproj", "{5B57B9E8-537E-4317-9E2E-B58A54FA588D}"
EndProject
Global
	GlobalSection(SolutionConfigurationPlatforms) = preSolution
		Debug|Any CPU = Debug|Any CPU
		Release|Any CPU = Release|Any CPU
	EndGlobalSection
	GlobalSection(ProjectConfigurationPlatforms) = postSolution
		{5B57B9E8-537E-4317-9E2E-B58A54FA588D}.Debug|Any CPU.ActiveCfg = Debug|Any CPU
		{5B57B9E8-537E-4317-9E2E-B58A54FA588D}.Debug|Any CPU.Build.0 = Debug|Any CPU
		{5B57B9E8-537E-4317-9E2E-B58A54FA588D}.Release|Any CPU.ActiveCfg = Release|Any CPU
		{5B57B9E8-537E-4317-9E2E-B58A54FA588D}.Release|Any CPU.Build.0 = Release|Any CPU
	EndGlobalSection
	GlobalSection(SolutionProperties) = preSolution
		HideSolutionNode = FALSE
	EndGlobalSection
	GlobalSection(ExtensibilityGlobals) = postSolution
		SolutionGuid = {7B2A6C57-904E-4D5F-86AB-43868E684DDD}
	EndGlobalSection
EndGlobal
