
Microsoft Visual Studio Solution File, Format Version 12.00
# Visual Studio Version 16
VisualStudioVersion = 16.0.29102.190
MinimumVisualStudioVersion = 10.0.40219.1
Project("{FAE04EC0-301F-11D3-BF4B-00C04F79EFBC}") = "WpfApp1", "WpfApp1\WpfApp1.csproj", "{1D2C5140-9A8E-485D-98AE-9165AF57982D}"
EndProject
Global
	GlobalSection(SolutionConfigurationPlatforms) = preSolution
		Debug|Any CPU = Debug|Any CPU
		Release|Any CPU = Release|Any CPU
	EndGlobalSection
	GlobalSection(ProjectConfigurationPlatforms) = postSolution
		{1D2C5140-9A8E-485D-98AE-9165AF57982D}.Debug|Any CPU.ActiveCfg = Debug|Any CPU
		{1D2C5140-9A8E-485D-98AE-9165AF57982D}.Debug|Any CPU.Build.0 = Debug|Any CPU
		{1D2C5140-9A8E-485D-98AE-9165AF57982D}.Release|Any CPU.ActiveCfg = Release|Any CPU
		{1D2C5140-9A8E-485D-98AE-9165AF57982D}.Release|Any CPU.Build.0 = Release|Any CPU
	EndGlobalSection
	GlobalSection(SolutionProperties) = preSolution
		HideSolutionNode = FALSE
	EndGlobalSection
	GlobalSection(ExtensibilityGlobals) = postSolution
		SolutionGuid = {72644F6F-33AD-4ECE-9D1A-2A797F712711}
	EndGlobalSection
EndGlobal
