
Microsoft Visual Studio Solution File, Format Version 12.00
# Visual Studio 15
VisualStudioVersion = 15.0.28307.779
MinimumVisualStudioVersion = 10.0.40219.1
Project("{FAE04EC0-301F-11D3-BF4B-00C04F79EFBC}") = "IntroC", "IntroC\IntroC.csproj", "{F34CE19B-59EB-4EF6-9FC8-EEBB0FCC1179}"
EndProject
Global
	GlobalSection(SolutionConfigurationPlatforms) = preSolution
		Debug|Any CPU = Debug|Any CPU
		Release|Any CPU = Release|Any CPU
	EndGlobalSection
	GlobalSection(ProjectConfigurationPlatforms) = postSolution
		{F34CE19B-59EB-4EF6-9FC8-EEBB0FCC1179}.Debug|Any CPU.ActiveCfg = Debug|Any CPU
		{F34CE19B-59EB-4EF6-9FC8-EEBB0FCC1179}.Debug|Any CPU.Build.0 = Debug|Any CPU
		{F34CE19B-59EB-4EF6-9FC8-EEBB0FCC1179}.Release|Any CPU.ActiveCfg = Release|Any CPU
		{F34CE19B-59EB-4EF6-9FC8-EEBB0FCC1179}.Release|Any CPU.Build.0 = Release|Any CPU
	EndGlobalSection
	GlobalSection(SolutionProperties) = preSolution
		HideSolutionNode = FALSE
	EndGlobalSection
	GlobalSection(ExtensibilityGlobals) = postSolution
		SolutionGuid = {87030320-00A6-405A-974F-A60D31824C46}
	EndGlobalSection
EndGlobal
